
Microsoft Visual Studio Solution File, Format Version 12.00
# Visual Studio Version 17
VisualStudioVersion = 17.0.31903.59
MinimumVisualStudioVersion = 10.0.40219.1
Project("{FAE04EC0-301F-11D3-BF4B-00C04F79EFBC}") = "Chuck norris", "Chuck norris\Chuck norris.csproj", "{BFC2E7E2-30BC-4FD2-9B74-F14E29F01E29}"
EndProject
Global
	GlobalSection(SolutionConfigurationPlatforms) = preSolution
		Debug|Any CPU = Debug|Any CPU
		Release|Any CPU = Release|Any CPU
	EndGlobalSection
	GlobalSection(SolutionProperties) = preSolution
		HideSolutionNode = FALSE
	EndGlobalSection
	GlobalSection(ProjectConfigurationPlatforms) = postSolution
		{BFC2E7E2-30BC-4FD2-9B74-F14E29F01E29}.Debug|Any CPU.ActiveCfg = Debug|Any CPU
		{BFC2E7E2-30BC-4FD2-9B74-F14E29F01E29}.Debug|Any CPU.Build.0 = Debug|Any CPU
		{BFC2E7E2-30BC-4FD2-9B74-F14E29F01E29}.Release|Any CPU.ActiveCfg = Release|Any CPU
		{BFC2E7E2-30BC-4FD2-9B74-F14E29F01E29}.Release|Any CPU.Build.0 = Release|Any CPU
	EndGlobalSection
EndGlobal
